
Microsoft Visual Studio Solution File, Format Version 12.00
# Visual Studio Version 17
VisualStudioVersion = 17.7.34024.191
MinimumVisualStudioVersion = 10.0.40219.1
Project("{FAE04EC0-301F-11D3-BF4B-00C04F79EFBC}") = "second_week2", "second_week2.csproj", "{FA472C97-E09B-46F2-AF82-02DFD0253F7E}"
EndProject
Global
	GlobalSection(SolutionConfigurationPlatforms) = preSolution
		Debug|Any CPU = Debug|Any CPU
		Release|Any CPU = Release|Any CPU
	EndGlobalSection
	GlobalSection(ProjectConfigurationPlatforms) = postSolution
		{FA472C97-E09B-46F2-AF82-02DFD0253F7E}.Debug|Any CPU.ActiveCfg = Debug|Any CPU
		{FA472C97-E09B-46F2-AF82-02DFD0253F7E}.Debug|Any CPU.Build.0 = Debug|Any CPU
		{FA472C97-E09B-46F2-AF82-02DFD0253F7E}.Release|Any CPU.ActiveCfg = Release|Any CPU
		{FA472C97-E09B-46F2-AF82-02DFD0253F7E}.Release|Any CPU.Build.0 = Release|Any CPU
	EndGlobalSection
	GlobalSection(SolutionProperties) = preSolution
		HideSolutionNode = FALSE
	EndGlobalSection
	GlobalSection(ExtensibilityGlobals) = postSolution
		SolutionGuid = {2BFC7745-B7CD-4250-8A37-9BF3780312F5}
	EndGlobalSection
EndGlobal
